
Microsoft Visual Studio Solution File, Format Version 12.00
# Visual Studio Version 16
VisualStudioVersion = 16.0.30907.101
MinimumVisualStudioVersion = 10.0.40219.1
Project("{FAE04EC0-301F-11D3-BF4B-00C04F79EFBC}") = "IikoServerApi", "iikoServerApi\IikoServerApi.csproj", "{2B8D44E3-6260-4F4D-8EE1-78E98091F486}"
EndProject
Project("{9A19103F-16F7-4668-BE54-9A1E7A4F7556}") = "IikoServerApi_Tests", "IikoServerApi_Tests\IikoServerApi_Tests.csproj", "{8FF84775-8082-455F-BA7F-EFA8F619EEB0}"
EndProject
Project("{FAE04EC0-301F-11D3-BF4B-00C04F79EFBC}") = "ConsoleApp1", "ConsoleApp1\ConsoleApp1.csproj", "{2FDD197D-F124-473E-BB7B-9B63F77A6A3D}"
EndProject
Global
	GlobalSection(SolutionConfigurationPlatforms) = preSolution
		Debug|Any CPU = Debug|Any CPU
		Release|Any CPU = Release|Any CPU
	EndGlobalSection
	GlobalSection(ProjectConfigurationPlatforms) = postSolution
		{2B8D44E3-6260-4F4D-8EE1-78E98091F486}.Debug|Any CPU.ActiveCfg = Debug|Any CPU
		{2B8D44E3-6260-4F4D-8EE1-78E98091F486}.Debug|Any CPU.Build.0 = Debug|Any CPU
		{2B8D44E3-6260-4F4D-8EE1-78E98091F486}.Release|Any CPU.ActiveCfg = Release|Any CPU
		{2B8D44E3-6260-4F4D-8EE1-78E98091F486}.Release|Any CPU.Build.0 = Release|Any CPU
		{8FF84775-8082-455F-BA7F-EFA8F619EEB0}.Debug|Any CPU.ActiveCfg = Debug|Any CPU
		{8FF84775-8082-455F-BA7F-EFA8F619EEB0}.Debug|Any CPU.Build.0 = Debug|Any CPU
		{8FF84775-8082-455F-BA7F-EFA8F619EEB0}.Release|Any CPU.ActiveCfg = Release|Any CPU
		{8FF84775-8082-455F-BA7F-EFA8F619EEB0}.Release|Any CPU.Build.0 = Release|Any CPU
		{2FDD197D-F124-473E-BB7B-9B63F77A6A3D}.Debug|Any CPU.ActiveCfg = Debug|Any CPU
		{2FDD197D-F124-473E-BB7B-9B63F77A6A3D}.Debug|Any CPU.Build.0 = Debug|Any CPU
		{2FDD197D-F124-473E-BB7B-9B63F77A6A3D}.Release|Any CPU.ActiveCfg = Release|Any CPU
		{2FDD197D-F124-473E-BB7B-9B63F77A6A3D}.Release|Any CPU.Build.0 = Release|Any CPU
	EndGlobalSection
	GlobalSection(SolutionProperties) = preSolution
		HideSolutionNode = FALSE
	EndGlobalSection
	GlobalSection(ExtensibilityGlobals) = postSolution
		SolutionGuid = {5494130A-9BB0-43DC-A2DB-90B9A918853E}
	EndGlobalSection
EndGlobal
